
Microsoft Visual Studio Solution File, Format Version 12.00
# Visual Studio 15
Project("{FAE04EC0-301F-11D3-BF4B-00C04F79EFBC}") = "Mirror", "Mirror.csproj", "{63011931-6F1F-98B8-ADC4-CA55B90B58CD}"
EndProject
Project("{FAE04EC0-301F-11D3-BF4B-00C04F79EFBC}") = "Assembly-CSharp", "Assembly-CSharp.csproj", "{CAEB3896-DDD4-15A7-D54A-C105D91C147F}"
EndProject
Project("{FAE04EC0-301F-11D3-BF4B-00C04F79EFBC}") = "Mirror.Examples", "Mirror.Examples.csproj", "{52BC157E-F3F5-CF85-0B1E-879284FAB606}"
EndProject
Project("{FAE04EC0-301F-11D3-BF4B-00C04F79EFBC}") = "Mirror.Components", "Mirror.Components.csproj", "{79CD47D1-A64F-D513-20C4-689CE71507E1}"
EndProject
Project("{FAE04EC0-301F-11D3-BF4B-00C04F79EFBC}") = "Mirror.Authenticators", "Mirror.Authenticators.csproj", "{31810D59-79B1-A21E-F819-925CDD2C1221}"
EndProject
Project("{FAE04EC0-301F-11D3-BF4B-00C04F79EFBC}") = "Assembly-CSharp-Editor", "Assembly-CSharp-Editor.csproj", "{8192261E-49C1-5D1B-2642-3A3BC4092658}"
EndProject
Project("{FAE04EC0-301F-11D3-BF4B-00C04F79EFBC}") = "Mirror.Weaver", "Mirror.Weaver.csproj", "{8B085A34-8C33-313A-4A0B-03A6E2E5B3FC}"
EndProject
Project("{FAE04EC0-301F-11D3-BF4B-00C04F79EFBC}") = "Mirror.Editor", "Mirror.Editor.csproj", "{AEEA74EB-4CA3-39A6-0DFB-DA0C39E9DBA5}"
EndProject
Project("{FAE04EC0-301F-11D3-BF4B-00C04F79EFBC}") = "Mirror.Tests", "Mirror.Tests.csproj", "{00B1E6DF-AD15-3B3A-271A-4D3BE9E91EE2}"
EndProject
Global
	GlobalSection(SolutionConfigurationPlatforms) = preSolution
		Debug|Any CPU = Debug|Any CPU
		Release|Any CPU = Release|Any CPU
	EndGlobalSection
	GlobalSection(ProjectConfigurationPlatforms) = postSolution
		{63011931-6F1F-98B8-ADC4-CA55B90B58CD}.Debug|Any CPU.ActiveCfg = Debug|Any CPU
		{63011931-6F1F-98B8-ADC4-CA55B90B58CD}.Debug|Any CPU.Build.0 = Debug|Any CPU
		{63011931-6F1F-98B8-ADC4-CA55B90B58CD}.Release|Any CPU.ActiveCfg = Release|Any CPU
		{63011931-6F1F-98B8-ADC4-CA55B90B58CD}.Release|Any CPU.Build.0 = Release|Any CPU
		{CAEB3896-DDD4-15A7-D54A-C105D91C147F}.Debug|Any CPU.ActiveCfg = Debug|Any CPU
		{CAEB3896-DDD4-15A7-D54A-C105D91C147F}.Debug|Any CPU.Build.0 = Debug|Any CPU
		{CAEB3896-DDD4-15A7-D54A-C105D91C147F}.Release|Any CPU.ActiveCfg = Release|Any CPU
		{CAEB3896-DDD4-15A7-D54A-C105D91C147F}.Release|Any CPU.Build.0 = Release|Any CPU
		{52BC157E-F3F5-CF85-0B1E-879284FAB606}.Debug|Any CPU.ActiveCfg = Debug|Any CPU
		{52BC157E-F3F5-CF85-0B1E-879284FAB606}.Debug|Any CPU.Build.0 = Debug|Any CPU
		{52BC157E-F3F5-CF85-0B1E-879284FAB606}.Release|Any CPU.ActiveCfg = Release|Any CPU
		{52BC157E-F3F5-CF85-0B1E-879284FAB606}.Release|Any CPU.Build.0 = Release|Any CPU
		{79CD47D1-A64F-D513-20C4-689CE71507E1}.Debug|Any CPU.ActiveCfg = Debug|Any CPU
		{79CD47D1-A64F-D513-20C4-689CE71507E1}.Debug|Any CPU.Build.0 = Debug|Any CPU
		{79CD47D1-A64F-D513-20C4-689CE71507E1}.Release|Any CPU.ActiveCfg = Release|Any CPU
		{79CD47D1-A64F-D513-20C4-689CE71507E1}.Release|Any CPU.Build.0 = Release|Any CPU
		{31810D59-79B1-A21E-F819-925CDD2C1221}.Debug|Any CPU.ActiveCfg = Debug|Any CPU
		{31810D59-79B1-A21E-F819-925CDD2C1221}.Debug|Any CPU.Build.0 = Debug|Any CPU
		{31810D59-79B1-A21E-F819-925CDD2C1221}.Release|Any CPU.ActiveCfg = Release|Any CPU
		{31810D59-79B1-A21E-F819-925CDD2C1221}.Release|Any CPU.Build.0 = Release|Any CPU
		{8192261E-49C1-5D1B-2642-3A3BC4092658}.Debug|Any CPU.ActiveCfg = Debug|Any CPU
		{8192261E-49C1-5D1B-2642-3A3BC4092658}.Debug|Any CPU.Build.0 = Debug|Any CPU
		{8192261E-49C1-5D1B-2642-3A3BC4092658}.Release|Any CPU.ActiveCfg = Release|Any CPU
		{8192261E-49C1-5D1B-2642-3A3BC4092658}.Release|Any CPU.Build.0 = Release|Any CPU
		{8B085A34-8C33-313A-4A0B-03A6E2E5B3FC}.Debug|Any CPU.ActiveCfg = Debug|Any CPU
		{8B085A34-8C33-313A-4A0B-03A6E2E5B3FC}.Debug|Any CPU.Build.0 = Debug|Any CPU
		{8B085A34-8C33-313A-4A0B-03A6E2E5B3FC}.Release|Any CPU.ActiveCfg = Release|Any CPU
		{8B085A34-8C33-313A-4A0B-03A6E2E5B3FC}.Release|Any CPU.Build.0 = Release|Any CPU
		{AEEA74EB-4CA3-39A6-0DFB-DA0C39E9DBA5}.Debug|Any CPU.ActiveCfg = Debug|Any CPU
		{AEEA74EB-4CA3-39A6-0DFB-DA0C39E9DBA5}.Debug|Any CPU.Build.0 = Debug|Any CPU
		{AEEA74EB-4CA3-39A6-0DFB-DA0C39E9DBA5}.Release|Any CPU.ActiveCfg = Release|Any CPU
		{AEEA74EB-4CA3-39A6-0DFB-DA0C39E9DBA5}.Release|Any CPU.Build.0 = Release|Any CPU
		{00B1E6DF-AD15-3B3A-271A-4D3BE9E91EE2}.Debug|Any CPU.ActiveCfg = Debug|Any CPU
		{00B1E6DF-AD15-3B3A-271A-4D3BE9E91EE2}.Debug|Any CPU.Build.0 = Debug|Any CPU
		{00B1E6DF-AD15-3B3A-271A-4D3BE9E91EE2}.Release|Any CPU.ActiveCfg = Release|Any CPU
		{00B1E6DF-AD15-3B3A-271A-4D3BE9E91EE2}.Release|Any CPU.Build.0 = Release|Any CPU
	EndGlobalSection
	GlobalSection(MonoDevelopProperties) = preSolution
		StartupItem = Assembly-CSharp.csproj
	EndGlobalSection
EndGlobal
